
Microsoft Visual Studio Solution File, Format Version 12.00
# Visual Studio Version 16
VisualStudioVersion = 16.0.809.0
MinimumVisualStudioVersion = 10.0.40219.1
Project("{FAE04EC0-301F-11D3-BF4B-00C04F79EFBC}") = "MultiValueDictionary", "MultiValueDictionary.csproj", "{B1274F34-A01A-4154-BA92-9D7229641B2E}"
EndProject
Global
	GlobalSection(SolutionConfigurationPlatforms) = preSolution
		Debug|Any CPU = Debug|Any CPU
		Release|Any CPU = Release|Any CPU
	EndGlobalSection
	GlobalSection(ProjectConfigurationPlatforms) = postSolution
		{B1274F34-A01A-4154-BA92-9D7229641B2E}.Debug|Any CPU.ActiveCfg = Debug|Any CPU
		{B1274F34-A01A-4154-BA92-9D7229641B2E}.Debug|Any CPU.Build.0 = Debug|Any CPU
		{B1274F34-A01A-4154-BA92-9D7229641B2E}.Release|Any CPU.ActiveCfg = Release|Any CPU
		{B1274F34-A01A-4154-BA92-9D7229641B2E}.Release|Any CPU.Build.0 = Release|Any CPU
	EndGlobalSection
	GlobalSection(SolutionProperties) = preSolution
		HideSolutionNode = FALSE
	EndGlobalSection
	GlobalSection(ExtensibilityGlobals) = postSolution
		SolutionGuid = {B4F62361-E4A9-4DE5-B558-E9643F891D29}
	EndGlobalSection
EndGlobal
